
Microsoft Visual Studio Solution File, Format Version 12.00
# Visual Studio Version 16
VisualStudioVersion = 16.0.29905.134
MinimumVisualStudioVersion = 10.0.40219.1
Project("{FAE04EC0-301F-11D3-BF4B-00C04F79EFBC}") = "KütüphaneOtomasyonu", "KütüphaneOtomasyonu\KütüphaneOtomasyonu.csproj", "{8D9CA98F-023F-4481-9A87-F953724F5021}"
EndProject
Global
	GlobalSection(SolutionConfigurationPlatforms) = preSolution
		Debug|Any CPU = Debug|Any CPU
		Release|Any CPU = Release|Any CPU
	EndGlobalSection
	GlobalSection(ProjectConfigurationPlatforms) = postSolution
		{8D9CA98F-023F-4481-9A87-F953724F5021}.Debug|Any CPU.ActiveCfg = Debug|Any CPU
		{8D9CA98F-023F-4481-9A87-F953724F5021}.Debug|Any CPU.Build.0 = Debug|Any CPU
		{8D9CA98F-023F-4481-9A87-F953724F5021}.Release|Any CPU.ActiveCfg = Release|Any CPU
		{8D9CA98F-023F-4481-9A87-F953724F5021}.Release|Any CPU.Build.0 = Release|Any CPU
	EndGlobalSection
	GlobalSection(SolutionProperties) = preSolution
		HideSolutionNode = FALSE
	EndGlobalSection
	GlobalSection(ExtensibilityGlobals) = postSolution
		SolutionGuid = {F27A04D9-66AA-486D-9773-F873F78D3345}
	EndGlobalSection
EndGlobal
